// !$*UTF8*$!
{
	archiveVersion = 1;
	classes = {
	};
	objectVersion = 46;
	objects = {

/* Begin PBXBuildFile section */
		5D2DB3781E46656400CE28B1 /* Ball.swift in Sources */ = {isa = PBXBuildFile; fileRef = 5D2DB3771E46656400CE28B1 /* Ball.swift */; };
		5D2DB37A1E46678500CE28B1 /* PRVector3.swift in Sources */ = {isa = PBXBuildFile; fileRef = 5D2DB3791E46678500CE28B1 /* PRVector3.swift */; };
		5D2DB37C1E4671C400CE28B1 /* UserPaddle.swift in Sources */ = {isa = PBXBuildFile; fileRef = 5D2DB37B1E4671C400CE28B1 /* UserPaddle.swift */; };
		5D2DB37E1E468C7200CE28B1 /* Queue.swift in Sources */ = {isa = PBXBuildFile; fileRef = 5D2DB37D1E468C7200CE28B1 /* Queue.swift */; };
		7FD977721E465F850084F168 /* AppDelegate.swift in Sources */ = {isa = PBXBuildFile; fileRef = 7FD977711E465F850084F168 /* AppDelegate.swift */; };
		7FD977791E465F850084F168 /* Assets.xcassets in Resources */ = {isa = PBXBuildFile; fileRef = 7FD977781E465F850084F168 /* Assets.xcassets */; };
		7FD9777C1E465F850084F168 /* LaunchScreen.storyboard in Resources */ = {isa = PBXBuildFile; fileRef = 7FD9777A1E465F850084F168 /* LaunchScreen.storyboard */; };
		7FD977871E465F850084F168 /* Pongmented_RealityTests.swift in Sources */ = {isa = PBXBuildFile; fileRef = 7FD977861E465F850084F168 /* Pongmented_RealityTests.swift */; };
		7FD977921E465FCC0084F168 /* PRGameViewController.swift in Sources */ = {isa = PBXBuildFile; fileRef = 7FD977911E465FCC0084F168 /* PRGameViewController.swift */; };
/* End PBXBuildFile section */

/* Begin PBXContainerItemProxy section */
		7FD977831E465F850084F168 /* PBXContainerItemProxy */ = {
			isa = PBXContainerItemProxy;
			containerPortal = 7FD977661E465F850084F168 /* Project object */;
			proxyType = 1;
			remoteGlobalIDString = 7FD9776D1E465F850084F168;
			remoteInfo = "Pongmented Reality";
		};
/* End PBXContainerItemProxy section */

/* Begin PBXFileReference section */
		5D2DB3771E46656400CE28B1 /* Ball.swift */ = {isa = PBXFileReference; fileEncoding = 4; lastKnownFileType = sourcecode.swift; path = Ball.swift; sourceTree = "<group>"; };
		5D2DB3791E46678500CE28B1 /* PRVector3.swift */ = {isa = PBXFileReference; fileEncoding = 4; lastKnownFileType = sourcecode.swift; path = PRVector3.swift; sourceTree = "<group>"; };
		5D2DB37B1E4671C400CE28B1 /* UserPaddle.swift */ = {isa = PBXFileReference; fileEncoding = 4; lastKnownFileType = sourcecode.swift; path = UserPaddle.swift; sourceTree = "<group>"; };
		5D2DB37D1E468C7200CE28B1 /* Queue.swift */ = {isa = PBXFileReference; fileEncoding = 4; lastKnownFileType = sourcecode.swift; path = Queue.swift; sourceTree = "<group>"; };
		7FD9776E1E465F850084F168 /* Pongmented Reality.app */ = {isa = PBXFileReference; explicitFileType = wrapper.application; includeInIndex = 0; path = "Pongmented Reality.app"; sourceTree = BUILT_PRODUCTS_DIR; };
		7FD977711E465F850084F168 /* AppDelegate.swift */ = {isa = PBXFileReference; lastKnownFileType = sourcecode.swift; path = AppDelegate.swift; sourceTree = "<group>"; };
		7FD977781E465F850084F168 /* Assets.xcassets */ = {isa = PBXFileReference; lastKnownFileType = folder.assetcatalog; path = Assets.xcassets; sourceTree = "<group>"; };
		7FD9777B1E465F850084F168 /* Base */ = {isa = PBXFileReference; lastKnownFileType = file.storyboard; name = Base; path = Base.lproj/LaunchScreen.storyboard; sourceTree = "<group>"; };
		7FD9777D1E465F850084F168 /* Info.plist */ = {isa = PBXFileReference; lastKnownFileType = text.plist.xml; path = Info.plist; sourceTree = "<group>"; };
		7FD977821E465F850084F168 /* Pongmented RealityTests.xctest */ = {isa = PBXFileReference; explicitFileType = wrapper.cfbundle; includeInIndex = 0; path = "Pongmented RealityTests.xctest"; sourceTree = BUILT_PRODUCTS_DIR; };
		7FD977861E465F850084F168 /* Pongmented_RealityTests.swift */ = {isa = PBXFileReference; lastKnownFileType = sourcecode.swift; path = Pongmented_RealityTests.swift; sourceTree = "<group>"; };
		7FD977881E465F850084F168 /* Info.plist */ = {isa = PBXFileReference; lastKnownFileType = text.plist.xml; path = Info.plist; sourceTree = "<group>"; };
		7FD977911E465FCC0084F168 /* PRGameViewController.swift */ = {isa = PBXFileReference; fileEncoding = 4; lastKnownFileType = sourcecode.swift; path = PRGameViewController.swift; sourceTree = "<group>"; };
/* End PBXFileReference section */

/* Begin PBXFrameworksBuildPhase section */
		7FD9776B1E465F850084F168 /* Frameworks */ = {
			isa = PBXFrameworksBuildPhase;
			buildActionMask = 2147483647;
			files = (
			);
			runOnlyForDeploymentPostprocessing = 0;
		};
		7FD9777F1E465F850084F168 /* Frameworks */ = {
			isa = PBXFrameworksBuildPhase;
			buildActionMask = 2147483647;
			files = (
			);
			runOnlyForDeploymentPostprocessing = 0;
		};
/* End PBXFrameworksBuildPhase section */

/* Begin PBXGroup section */
		7FD977651E465F850084F168 = {
			isa = PBXGroup;
			children = (
				7FD977701E465F850084F168 /* Pongmented Reality */,
				7FD977851E465F850084F168 /* Pongmented RealityTests */,
				7FD9776F1E465F850084F168 /* Products */,
			);
			sourceTree = "<group>";
		};
		7FD9776F1E465F850084F168 /* Products */ = {
			isa = PBXGroup;
			children = (
				7FD9776E1E465F850084F168 /* Pongmented Reality.app */,
				7FD977821E465F850084F168 /* Pongmented RealityTests.xctest */,
			);
			name = Products;
			sourceTree = "<group>";
		};
		7FD977701E465F850084F168 /* Pongmented Reality */ = {
			isa = PBXGroup;
			children = (
				7FD977711E465F850084F168 /* AppDelegate.swift */,
				7FD977781E465F850084F168 /* Assets.xcassets */,
				7FD9777A1E465F850084F168 /* LaunchScreen.storyboard */,
				7FD9777D1E465F850084F168 /* Info.plist */,
				7FD977911E465FCC0084F168 /* PRGameViewController.swift */,
				5D2DB3771E46656400CE28B1 /* Ball.swift */,
				5D2DB3791E46678500CE28B1 /* PRVector3.swift */,
				5D2DB37B1E4671C400CE28B1 /* UserPaddle.swift */,
				5D2DB37D1E468C7200CE28B1 /* Queue.swift */,
			);
			path = "Pongmented Reality";
			sourceTree = "<group>";
		};
		7FD977851E465F850084F168 /* Pongmented RealityTests */ = {
			isa = PBXGroup;
			children = (
				7FD977861E465F850084F168 /* Pongmented_RealityTests.swift */,
				7FD977881E465F850084F168 /* Info.plist */,
			);
			path = "Pongmented RealityTests";
			sourceTree = "<group>";
		};
/* End PBXGroup section */

/* Begin PBXNativeTarget section */
		7FD9776D1E465F850084F168 /* Pongmented Reality */ = {
			isa = PBXNativeTarget;
			buildConfigurationList = 7FD9778B1E465F850084F168 /* Build configuration list for PBXNativeTarget "Pongmented Reality" */;
			buildPhases = (
				7FD9776A1E465F850084F168 /* Sources */,
				7FD9776B1E465F850084F168 /* Frameworks */,
				7FD9776C1E465F850084F168 /* Resources */,
			);
			buildRules = (
			);
			dependencies = (
			);
			name = "Pongmented Reality";
			productName = "Pongmented Reality";
			productReference = 7FD9776E1E465F850084F168 /* Pongmented Reality.app */;
			productType = "com.apple.product-type.application";
		};
		7FD977811E465F850084F168 /* Pongmented RealityTests */ = {
			isa = PBXNativeTarget;
			buildConfigurationList = 7FD9778E1E465F850084F168 /* Build configuration list for PBXNativeTarget "Pongmented RealityTests" */;
			buildPhases = (
				7FD9777E1E465F850084F168 /* Sources */,
				7FD9777F1E465F850084F168 /* Frameworks */,
				7FD977801E465F850084F168 /* Resources */,
			);
			buildRules = (
			);
			dependencies = (
				7FD977841E465F850084F168 /* PBXTargetDependency */,
			);
			name = "Pongmented RealityTests";
			productName = "Pongmented RealityTests";
			productReference = 7FD977821E465F850084F168 /* Pongmented RealityTests.xctest */;
			productType = "com.apple.product-type.bundle.unit-test";
		};
/* End PBXNativeTarget section */

/* Begin PBXProject section */
		7FD977661E465F850084F168 /* Project object */ = {
			isa = PBXProject;
			attributes = {
				LastSwiftUpdateCheck = 0820;
				LastUpgradeCheck = 0820;
				ORGANIZATIONNAME = "Savage Patch Kids";
				TargetAttributes = {
					7FD9776D1E465F850084F168 = {
						CreatedOnToolsVersion = 8.2.1;
						DevelopmentTeam = PM84725FKA;
						ProvisioningStyle = Automatic;
					};
					7FD977811E465F850084F168 = {
						CreatedOnToolsVersion = 8.2.1;
						DevelopmentTeam = PM84725FKA;
						ProvisioningStyle = Automatic;
						TestTargetID = 7FD9776D1E465F850084F168;
					};
				};
			};
			buildConfigurationList = 7FD977691E465F850084F168 /* Build configuration list for PBXProject "Pongmented Reality" */;
			compatibilityVersion = "Xcode 3.2";
			developmentRegion = English;
			hasScannedForEncodings = 0;
			knownRegions = (
				en,
				Base,
			);
			mainGroup = 7FD977651E465F850084F168;
			productRefGroup = 7FD9776F1E465F850084F168 /* Products */;
			projectDirPath = "";
			projectRoot = "";
			targets = (
				7FD9776D1E465F850084F168 /* Pongmented Reality */,
				7FD977811E465F850084F168 /* Pongmented RealityTests */,
			);
		};
/* End PBXProject section */

/* Begin PBXResourcesBuildPhase section */
		7FD9776C1E465F850084F168 /* Resources */ = {
			isa = PBXResourcesBuildPhase;
			buildActionMask = 2147483647;
			files = (
				7FD9777C1E465F850084F168 /* LaunchScreen.storyboard in Resources */,
				7FD977791E465F850084F168 /* Assets.xcassets in Resources */,
			);
			runOnlyForDeploymentPostprocessing = 0;
		};
		7FD977801E465F850084F168 /* Resources */ = {
			isa = PBXResourcesBuildPhase;
			buildActionMask = 2147483647;
			files = (
			);
			runOnlyForDeploymentPostprocessing = 0;
		};
/* End PBXResourcesBuildPhase section */

/* Begin PBXSourcesBuildPhase section */
		7FD9776A1E465F850084F168 /* Sources */ = {
			isa = PBXSourcesBuildPhase;
			buildActionMask = 2147483647;
			files = (
				5D2DB3781E46656400CE28B1 /* Ball.swift in Sources */,
				5D2DB37E1E468C7200CE28B1 /* Queue.swift in Sources */,
				7FD977921E465FCC0084F168 /* PRGameViewController.swift in Sources */,
				5D2DB37A1E46678500CE28B1 /* PRVector3.swift in Sources */,
				5D2DB37C1E4671C400CE28B1 /* UserPaddle.swift in Sources */,
				7FD977721E465F850084F168 /* AppDelegate.swift in Sources */,
			);
			runOnlyForDeploymentPostprocessing = 0;
		};
		7FD9777E1E465F850084F168 /* Sources */ = {
			isa = PBXSourcesBuildPhase;
			buildActionMask = 2147483647;
			files = (
				7FD977871E465F850084F168 /* Pongmented_RealityTests.swift in Sources */,
			);
			runOnlyForDeploymentPostprocessing = 0;
		};
/* End PBXSourcesBuildPhase section */

/* Begin PBXTargetDependency section */
		7FD977841E465F850084F168 /* PBXTargetDependency */ = {
			isa = PBXTargetDependency;
			target = 7FD9776D1E465F850084F168 /* Pongmented Reality */;
			targetProxy = 7FD977831E465F850084F168 /* PBXContainerItemProxy */;
		};
/* End PBXTargetDependency section */

/* Begin PBXVariantGroup section */
		7FD9777A1E465F850084F168 /* LaunchScreen.storyboard */ = {
			isa = PBXVariantGroup;
			children = (
				7FD9777B1E465F850084F168 /* Base */,
			);
			name = LaunchScreen.storyboard;
			sourceTree = "<group>";
		};
/* End PBXVariantGroup section */

/* Begin XCBuildConfiguration section */
		7FD977891E465F850084F168 /* Debug */ = {
			isa = XCBuildConfiguration;
			buildSettings = {
				ALWAYS_SEARCH_USER_PATHS = NO;
				CLANG_ANALYZER_NONNULL = YES;
				CLANG_CXX_LANGUAGE_STANDARD = "gnu++0x";
				CLANG_CXX_LIBRARY = "libc++";
				CLANG_ENABLE_MODULES = YES;
				CLANG_ENABLE_OBJC_ARC = YES;
				CLANG_WARN_BOOL_CONVERSION = YES;
				CLANG_WARN_CONSTANT_CONVERSION = YES;
				CLANG_WARN_DIRECT_OBJC_ISA_USAGE = YES_ERROR;
				CLANG_WARN_DOCUMENTATION_COMMENTS = YES;
				CLANG_WARN_EMPTY_BODY = YES;
				CLANG_WARN_ENUM_CONVERSION = YES;
				CLANG_WARN_INFINITE_RECURSION = YES;
				CLANG_WARN_INT_CONVERSION = YES;
				CLANG_WARN_OBJC_ROOT_CLASS = YES_ERROR;
				CLANG_WARN_SUSPICIOUS_MOVE = YES;
				CLANG_WARN_UNREACHABLE_CODE = YES;
				CLANG_WARN__DUPLICATE_METHOD_MATCH = YES;
				"CODE_SIGN_IDENTITY[sdk=iphoneos*]" = "iPhone Developer";
				COPY_PHASE_STRIP = NO;
				DEBUG_INFORMATION_FORMAT = dwarf;
				ENABLE_STRICT_OBJC_MSGSEND = YES;
				ENABLE_TESTABILITY = YES;
				GCC_C_LANGUAGE_STANDARD = gnu99;
				GCC_DYNAMIC_NO_PIC = NO;
				GCC_NO_COMMON_BLOCKS = YES;
				GCC_OPTIMIZATION_LEVEL = 0;
				GCC_PREPROCESSOR_DEFINITIONS = (
					"DEBUG=1",
					"$(inherited)",
				);
				GCC_WARN_64_TO_32_BIT_CONVERSION = YES;
				GCC_WARN_ABOUT_RETURN_TYPE = YES_ERROR;
				GCC_WARN_UNDECLARED_SELECTOR = YES;
				GCC_WARN_UNINITIALIZED_AUTOS = YES_AGGRESSIVE;
				GCC_WARN_UNUSED_FUNCTION = YES;
				GCC_WARN_UNUSED_VARIABLE = YES;
				IPHONEOS_DEPLOYMENT_TARGET = 10.2;
				MTL_ENABLE_DEBUG_INFO = YES;
				ONLY_ACTIVE_ARCH = YES;
				SDKROOT = iphoneos;
				SWIFT_ACTIVE_COMPILATION_CONDITIONS = DEBUG;
				SWIFT_OPTIMIZATION_LEVEL = "-Onone";
				TARGETED_DEVICE_FAMILY = "1,2";
			};
			name = Debug;
		};
		7FD9778A1E465F850084F168 /* Release */ = {
			isa = XCBuildConfiguration;
			buildSettings = {
				ALWAYS_SEARCH_USER_PATHS = NO;
				CLANG_ANALYZER_NONNULL = YES;
				CLANG_CXX_LANGUAGE_STANDARD = "gnu++0x";
				CLANG_CXX_LIBRARY = "libc++";
				CLANG_ENABLE_MODULES = YES;
				CLANG_ENABLE_OBJC_ARC = YES;
				CLANG_WARN_BOOL_CONVERSION = YES;
				CLANG_WARN_CONSTANT_CONVERSION = YES;
				CLANG_WARN_DIRECT_OBJC_ISA_USAGE = YES_ERROR;
				CLANG_WARN_DOCUMENTATION_COMMENTS = YES;
				CLANG_WARN_EMPTY_BODY = YES;
				CLANG_WARN_ENUM_CONVERSION = YES;
				CLANG_WARN_INFINITE_RECURSION = YES;
				CLANG_WARN_INT_CONVERSION = YES;
				CLANG_WARN_OBJC_ROOT_CLASS = YES_ERROR;
				CLANG_WARN_SUSPICIOUS_MOVE = YES;
				CLANG_WARN_UNREACHABLE_CODE = YES;
				CLANG_WARN__DUPLICATE_METHOD_MATCH = YES;
				"CODE_SIGN_IDENTITY[sdk=iphoneos*]" = "iPhone Developer";
				COPY_PHASE_STRIP = NO;
				DEBUG_INFORMATION_FORMAT = "dwarf-with-dsym";
				ENABLE_NS_ASSERTIONS = NO;
				ENABLE_STRICT_OBJC_MSGSEND = YES;
				GCC_C_LANGUAGE_STANDARD = gnu99;
				GCC_NO_COMMON_BLOCKS = YES;
				GCC_WARN_64_TO_32_BIT_CONVERSION = YES;
				GCC_WARN_ABOUT_RETURN_TYPE = YES_ERROR;
				GCC_WARN_UNDECLARED_SELECTOR = YES;
				GCC_WARN_UNINITIALIZED_AUTOS = YES_AGGRESSIVE;
				GCC_WARN_UNUSED_FUNCTION = YES;
				GCC_WARN_UNUSED_VARIABLE = YES;
				IPHONEOS_DEPLOYMENT_TARGET = 10.2;
				MTL_ENABLE_DEBUG_INFO = NO;
				SDKROOT = iphoneos;
				SWIFT_OPTIMIZATION_LEVEL = "-Owholemodule";
				TARGETED_DEVICE_FAMILY = "1,2";
				VALIDATE_PRODUCT = YES;
			};
			name = Release;
		};
		7FD9778C1E465F850084F168 /* Debug */ = {
			isa = XCBuildConfiguration;
			buildSettings = {
				ASSETCATALOG_COMPILER_APPICON_NAME = AppIcon;
				DEVELOPMENT_TEAM = PM84725FKA;
				INFOPLIST_FILE = "Pongmented Reality/Info.plist";
				IPHONEOS_DEPLOYMENT_TARGET = 9.0;
				LD_RUNPATH_SEARCH_PATHS = "$(inherited) @executable_path/Frameworks";
				PRODUCT_BUNDLE_IDENTIFIER = "Savage-Patch-Kids.Pongmented-Reality";
				PRODUCT_NAME = "$(TARGET_NAME)";
				SWIFT_VERSION = 3.0;
			};
			name = Debug;
		};
		7FD9778D1E465F850084F168 /* Release */ = {
			isa = XCBuildConfiguration;
			buildSettings = {
				ASSETCATALOG_COMPILER_APPICON_NAME = AppIcon;
				DEVELOPMENT_TEAM = PM84725FKA;
				INFOPLIST_FILE = "Pongmented Reality/Info.plist";
				IPHONEOS_DEPLOYMENT_TARGET = 9.0;
				LD_RUNPATH_SEARCH_PATHS = "$(inherited) @executable_path/Frameworks";
				PRODUCT_BUNDLE_IDENTIFIER = "Savage-Patch-Kids.Pongmented-Reality";
				PRODUCT_NAME = "$(TARGET_NAME)";
				SWIFT_VERSION = 3.0;
			};
			name = Release;
		};
		7FD9778F1E465F850084F168 /* Debug */ = {
			isa = XCBuildConfiguration;
			buildSettings = {
				ALWAYS_EMBED_SWIFT_STANDARD_LIBRARIES = YES;
				BUNDLE_LOADER = "$(TEST_HOST)";
				DEVELOPMENT_TEAM = PM84725FKA;
				INFOPLIST_FILE = "Pongmented RealityTests/Info.plist";
				LD_RUNPATH_SEARCH_PATHS = "$(inherited) @executable_path/Frameworks @loader_path/Frameworks";
				PRODUCT_BUNDLE_IDENTIFIER = "Savage-Patch-Kids.Pongmented-RealityTests";
				PRODUCT_NAME = "$(TARGET_NAME)";
				SWIFT_VERSION = 3.0;
				TEST_HOST = "$(BUILT_PRODUCTS_DIR)/Pongmented Reality.app/Pongmented Reality";
			};
			name = Debug;
		};
		7FD977901E465F850084F168 /* Release */ = {
			isa = XCBuildConfiguration;
			buildSettings = {
				ALWAYS_EMBED_SWIFT_STANDARD_LIBRARIES = YES;
				BUNDLE_LOADER = "$(TEST_HOST)";
				DEVELOPMENT_TEAM = PM84725FKA;
				INFOPLIST_FILE = "Pongmented RealityTests/Info.plist";
				LD_RUNPATH_SEARCH_PATHS = "$(inherited) @executable_path/Frameworks @loader_path/Frameworks";
				PRODUCT_BUNDLE_IDENTIFIER = "Savage-Patch-Kids.Pongmented-RealityTests";
				PRODUCT_NAME = "$(TARGET_NAME)";
				SWIFT_VERSION = 3.0;
				TEST_HOST = "$(BUILT_PRODUCTS_DIR)/Pongmented Reality.app/Pongmented Reality";
			};
			name = Release;
		};
/* End XCBuildConfiguration section */

/* Begin XCConfigurationList section */
		7FD977691E465F850084F168 /* Build configuration list for PBXProject "Pongmented Reality" */ = {
			isa = XCConfigurationList;
			buildConfigurations = (
				7FD977891E465F850084F168 /* Debug */,
				7FD9778A1E465F850084F168 /* Release */,
			);
			defaultConfigurationIsVisible = 0;
			defaultConfigurationName = Release;
		};
		7FD9778B1E465F850084F168 /* Build configuration list for PBXNativeTarget "Pongmented Reality" */ = {
			isa = XCConfigurationList;
			buildConfigurations = (
				7FD9778C1E465F850084F168 /* Debug */,
				7FD9778D1E465F850084F168 /* Release */,
			);
			defaultConfigurationIsVisible = 0;
			defaultConfigurationName = Release;
		};
		7FD9778E1E465F850084F168 /* Build configuration list for PBXNativeTarget "Pongmented RealityTests" */ = {
			isa = XCConfigurationList;
			buildConfigurations = (
				7FD9778F1E465F850084F168 /* Debug */,
				7FD977901E465F850084F168 /* Release */,
			);
			defaultConfigurationIsVisible = 0;
			defaultConfigurationName = Release;
		};
/* End XCConfigurationList section */
	};
	rootObject = 7FD977661E465F850084F168 /* Project object */;
}
